// !$*UTF8*$!
{
	archiveVersion = 1;
	classes = {
	};
	objectVersion = 46;
	objects = {

/* Begin PBXBuildFile section */
		64B321D21BDDCBEC00DB95BA /* main.m in Sources */ = {isa = PBXBuildFile; fileRef = 64B321D11BDDCBEC00DB95BA /* main.m */; };
		64B321D51BDDCBEC00DB95BA /* AppDelegate.m in Sources */ = {isa = PBXBuildFile; fileRef = 64B321D41BDDCBEC00DB95BA /* AppDelegate.m */; };
		64B321D81BDDCBEC00DB95BA /* ViewController.m in Sources */ = {isa = PBXBuildFile; fileRef = 64B321D71BDDCBEC00DB95BA /* ViewController.m */; };
		64B321DB1BDDCBEC00DB95BA /* Main.storyboard in Resources */ = {isa = PBXBuildFile; fileRef = 64B321D91BDDCBEC00DB95BA /* Main.storyboard */; };
		64B321DD1BDDCBEC00DB95BA /* Assets.xcassets in Resources */ = {isa = PBXBuildFile; fileRef = 64B321DC1BDDCBEC00DB95BA /* Assets.xcassets */; };
		64B321E01BDDCBEC00DB95BA /* LaunchScreen.storyboard in Resources */ = {isa = PBXBuildFile; fileRef = 64B321DE1BDDCBEC00DB95BA /* LaunchScreen.storyboard */; };
		64B321EB1BDDCBEC00DB95BA /* LocalDataDemoTests.m in Sources */ = {isa = PBXBuildFile; fileRef = 64B321EA1BDDCBEC00DB95BA /* LocalDataDemoTests.m */; };
		64B321F61BDDCBEC00DB95BA /* LocalDataDemoUITests.m in Sources */ = {isa = PBXBuildFile; fileRef = 64B321F51BDDCBEC00DB95BA /* LocalDataDemoUITests.m */; };
		64B322061BDDCC1400DB95BA /* SCAppCache.m in Sources */ = {isa = PBXBuildFile; fileRef = 64B322051BDDCC1400DB95BA /* SCAppCache.m */; settings = {ASSET_TAGS = (); }; };
		64B322151BDDCD9300DB95BA /* SCFileOper.m in Sources */ = {isa = PBXBuildFile; fileRef = 64B322141BDDCD9300DB95BA /* SCFileOper.m */; settings = {ASSET_TAGS = (); }; };
		64B322181BDDCE0A00DB95BA /* NSObject+NotNull.m in Sources */ = {isa = PBXBuildFile; fileRef = 64B322171BDDCE0A00DB95BA /* NSObject+NotNull.m */; settings = {ASSET_TAGS = (); }; };
		64B3221E1BDDD7D000DB95BA /* CHKeychain.m in Sources */ = {isa = PBXBuildFile; fileRef = 64B3221D1BDDD7D000DB95BA /* CHKeychain.m */; settings = {ASSET_TAGS = (); }; };
/* End PBXBuildFile section */

/* Begin PBXContainerItemProxy section */
		64B321E71BDDCBEC00DB95BA /* PBXContainerItemProxy */ = {
			isa = PBXContainerItemProxy;
			containerPortal = 64B321C51BDDCBEC00DB95BA /* Project object */;
			proxyType = 1;
			remoteGlobalIDString = 64B321CC1BDDCBEC00DB95BA;
			remoteInfo = LocalDataDemo;
		};
		64B321F21BDDCBEC00DB95BA /* PBXContainerItemProxy */ = {
			isa = PBXContainerItemProxy;
			containerPortal = 64B321C51BDDCBEC00DB95BA /* Project object */;
			proxyType = 1;
			remoteGlobalIDString = 64B321CC1BDDCBEC00DB95BA;
			remoteInfo = LocalDataDemo;
		};
/* End PBXContainerItemProxy section */

/* Begin PBXFileReference section */
		64B321CD1BDDCBEC00DB95BA /* LocalDataDemo.app */ = {isa = PBXFileReference; explicitFileType = wrapper.application; includeInIndex = 0; path = LocalDataDemo.app; sourceTree = BUILT_PRODUCTS_DIR; };
		64B321D11BDDCBEC00DB95BA /* main.m */ = {isa = PBXFileReference; lastKnownFileType = sourcecode.c.objc; path = main.m; sourceTree = "<group>"; };
		64B321D31BDDCBEC00DB95BA /* AppDelegate.h */ = {isa = PBXFileReference; lastKnownFileType = sourcecode.c.h; path = AppDelegate.h; sourceTree = "<group>"; };
		64B321D41BDDCBEC00DB95BA /* AppDelegate.m */ = {isa = PBXFileReference; lastKnownFileType = sourcecode.c.objc; path = AppDelegate.m; sourceTree = "<group>"; };
		64B321D61BDDCBEC00DB95BA /* ViewController.h */ = {isa = PBXFileReference; lastKnownFileType = sourcecode.c.h; path = ViewController.h; sourceTree = "<group>"; };
		64B321D71BDDCBEC00DB95BA /* ViewController.m */ = {isa = PBXFileReference; lastKnownFileType = sourcecode.c.objc; path = ViewController.m; sourceTree = "<group>"; };
		64B321DA1BDDCBEC00DB95BA /* Base */ = {isa = PBXFileReference; lastKnownFileType = file.storyboard; name = Base; path = Base.lproj/Main.storyboard; sourceTree = "<group>"; };
		64B321DC1BDDCBEC00DB95BA /* Assets.xcassets */ = {isa = PBXFileReference; lastKnownFileType = folder.assetcatalog; path = Assets.xcassets; sourceTree = "<group>"; };
		64B321DF1BDDCBEC00DB95BA /* Base */ = {isa = PBXFileReference; lastKnownFileType = file.storyboard; name = Base; path = Base.lproj/LaunchScreen.storyboard; sourceTree = "<group>"; };
		64B321E11BDDCBEC00DB95BA /* Info.plist */ = {isa = PBXFileReference; lastKnownFileType = text.plist.xml; path = Info.plist; sourceTree = "<group>"; };
		64B321E61BDDCBEC00DB95BA /* LocalDataDemoTests.xctest */ = {isa = PBXFileReference; explicitFileType = wrapper.cfbundle; includeInIndex = 0; path = LocalDataDemoTests.xctest; sourceTree = BUILT_PRODUCTS_DIR; };
		64B321EA1BDDCBEC00DB95BA /* LocalDataDemoTests.m */ = {isa = PBXFileReference; lastKnownFileType = sourcecode.c.objc; path = LocalDataDemoTests.m; sourceTree = "<group>"; };
		64B321EC1BDDCBEC00DB95BA /* Info.plist */ = {isa = PBXFileReference; lastKnownFileType = text.plist.xml; path = Info.plist; sourceTree = "<group>"; };
		64B321F11BDDCBEC00DB95BA /* LocalDataDemoUITests.xctest */ = {isa = PBXFileReference; explicitFileType = wrapper.cfbundle; includeInIndex = 0; path = LocalDataDemoUITests.xctest; sourceTree = BUILT_PRODUCTS_DIR; };
		64B321F51BDDCBEC00DB95BA /* LocalDataDemoUITests.m */ = {isa = PBXFileReference; lastKnownFileType = sourcecode.c.objc; path = LocalDataDemoUITests.m; sourceTree = "<group>"; };
		64B321F71BDDCBEC00DB95BA /* Info.plist */ = {isa = PBXFileReference; lastKnownFileType = text.plist.xml; path = Info.plist; sourceTree = "<group>"; };
		64B322041BDDCC1400DB95BA /* SCAppCache.h */ = {isa = PBXFileReference; fileEncoding = 4; lastKnownFileType = sourcecode.c.h; path = SCAppCache.h; sourceTree = "<group>"; };
		64B322051BDDCC1400DB95BA /* SCAppCache.m */ = {isa = PBXFileReference; fileEncoding = 4; lastKnownFileType = sourcecode.c.objc; path = SCAppCache.m; sourceTree = "<group>"; };
		64B322131BDDCD9300DB95BA /* SCFileOper.h */ = {isa = PBXFileReference; fileEncoding = 4; lastKnownFileType = sourcecode.c.h; path = SCFileOper.h; sourceTree = "<group>"; };
		64B322141BDDCD9300DB95BA /* SCFileOper.m */ = {isa = PBXFileReference; fileEncoding = 4; lastKnownFileType = sourcecode.c.objc; path = SCFileOper.m; sourceTree = "<group>"; };
		64B322161BDDCE0A00DB95BA /* NSObject+NotNull.h */ = {isa = PBXFileReference; fileEncoding = 4; lastKnownFileType = sourcecode.c.h; path = "NSObject+NotNull.h"; sourceTree = "<group>"; };
		64B322171BDDCE0A00DB95BA /* NSObject+NotNull.m */ = {isa = PBXFileReference; fileEncoding = 4; lastKnownFileType = sourcecode.c.objc; path = "NSObject+NotNull.m"; sourceTree = "<group>"; };
		64B3221C1BDDD7D000DB95BA /* CHKeychain.h */ = {isa = PBXFileReference; fileEncoding = 4; lastKnownFileType = sourcecode.c.h; path = CHKeychain.h; sourceTree = "<group>"; };
		64B3221D1BDDD7D000DB95BA /* CHKeychain.m */ = {isa = PBXFileReference; fileEncoding = 4; lastKnownFileType = sourcecode.c.objc; path = CHKeychain.m; sourceTree = "<group>"; };
/* End PBXFileReference section */

/* Begin PBXFrameworksBuildPhase section */
		64B321CA1BDDCBEC00DB95BA /* Frameworks */ = {
			isa = PBXFrameworksBuildPhase;
			buildActionMask = 2147483647;
			files = (
			);
			runOnlyForDeploymentPostprocessing = 0;
		};
		64B321E31BDDCBEC00DB95BA /* Frameworks */ = {
			isa = PBXFrameworksBuildPhase;
			buildActionMask = 2147483647;
			files = (
			);
			runOnlyForDeploymentPostprocessing = 0;
		};
		64B321EE1BDDCBEC00DB95BA /* Frameworks */ = {
			isa = PBXFrameworksBuildPhase;
			buildActionMask = 2147483647;
			files = (
			);
			runOnlyForDeploymentPostprocessing = 0;
		};
/* End PBXFrameworksBuildPhase section */

/* Begin PBXGroup section */
		64B321C41BDDCBEC00DB95BA = {
			isa = PBXGroup;
			children = (
				64B321CF1BDDCBEC00DB95BA /* LocalDataDemo */,
				64B321E91BDDCBEC00DB95BA /* LocalDataDemoTests */,
				64B321F41BDDCBEC00DB95BA /* LocalDataDemoUITests */,
				64B321CE1BDDCBEC00DB95BA /* Products */,
			);
			sourceTree = "<group>";
		};
		64B321CE1BDDCBEC00DB95BA /* Products */ = {
			isa = PBXGroup;
			children = (
				64B321CD1BDDCBEC00DB95BA /* LocalDataDemo.app */,
				64B321E61BDDCBEC00DB95BA /* LocalDataDemoTests.xctest */,
				64B321F11BDDCBEC00DB95BA /* LocalDataDemoUITests.xctest */,
			);
			name = Products;
			sourceTree = "<group>";
		};
		64B321CF1BDDCBEC00DB95BA /* LocalDataDemo */ = {
			isa = PBXGroup;
			children = (
				64B322031BDDCBFF00DB95BA /* AppCache */,
				64B321D31BDDCBEC00DB95BA /* AppDelegate.h */,
				64B321D41BDDCBEC00DB95BA /* AppDelegate.m */,
				64B321D61BDDCBEC00DB95BA /* ViewController.h */,
				64B321D71BDDCBEC00DB95BA /* ViewController.m */,
				64B321D91BDDCBEC00DB95BA /* Main.storyboard */,
				64B321DC1BDDCBEC00DB95BA /* Assets.xcassets */,
				64B321DE1BDDCBEC00DB95BA /* LaunchScreen.storyboard */,
				64B321E11BDDCBEC00DB95BA /* Info.plist */,
				64B321D01BDDCBEC00DB95BA /* Supporting Files */,
			);
			path = LocalDataDemo;
			sourceTree = "<group>";
		};
		64B321D01BDDCBEC00DB95BA /* Supporting Files */ = {
			isa = PBXGroup;
			children = (
				64B321D11BDDCBEC00DB95BA /* main.m */,
			);
			name = "Supporting Files";
			sourceTree = "<group>";
		};
		64B321E91BDDCBEC00DB95BA /* LocalDataDemoTests */ = {
			isa = PBXGroup;
			children = (
				64B321EA1BDDCBEC00DB95BA /* LocalDataDemoTests.m */,
				64B321EC1BDDCBEC00DB95BA /* Info.plist */,
			);
			path = LocalDataDemoTests;
			sourceTree = "<group>";
		};
		64B321F41BDDCBEC00DB95BA /* LocalDataDemoUITests */ = {
			isa = PBXGroup;
			children = (
				64B321F51BDDCBEC00DB95BA /* LocalDataDemoUITests.m */,
				64B321F71BDDCBEC00DB95BA /* Info.plist */,
			);
			path = LocalDataDemoUITests;
			sourceTree = "<group>";
		};
		64B322031BDDCBFF00DB95BA /* AppCache */ = {
			isa = PBXGroup;
			children = (
				64B3221C1BDDD7D000DB95BA /* CHKeychain.h */,
				64B3221D1BDDD7D000DB95BA /* CHKeychain.m */,
				64B322161BDDCE0A00DB95BA /* NSObject+NotNull.h */,
				64B322171BDDCE0A00DB95BA /* NSObject+NotNull.m */,
				64B322131BDDCD9300DB95BA /* SCFileOper.h */,
				64B322141BDDCD9300DB95BA /* SCFileOper.m */,
				64B322041BDDCC1400DB95BA /* SCAppCache.h */,
				64B322051BDDCC1400DB95BA /* SCAppCache.m */,
			);
			name = AppCache;
			sourceTree = "<group>";
		};
/* End PBXGroup section */

/* Begin PBXNativeTarget section */
		64B321CC1BDDCBEC00DB95BA /* LocalDataDemo */ = {
			isa = PBXNativeTarget;
			buildConfigurationList = 64B321FA1BDDCBEC00DB95BA /* Build configuration list for PBXNativeTarget "LocalDataDemo" */;
			buildPhases = (
				64B321C91BDDCBEC00DB95BA /* Sources */,
				64B321CA1BDDCBEC00DB95BA /* Frameworks */,
				64B321CB1BDDCBEC00DB95BA /* Resources */,
			);
			buildRules = (
			);
			dependencies = (
			);
			name = LocalDataDemo;
			productName = LocalDataDemo;
			productReference = 64B321CD1BDDCBEC00DB95BA /* LocalDataDemo.app */;
			productType = "com.apple.product-type.application";
		};
		64B321E51BDDCBEC00DB95BA /* LocalDataDemoTests */ = {
			isa = PBXNativeTarget;
			buildConfigurationList = 64B321FD1BDDCBEC00DB95BA /* Build configuration list for PBXNativeTarget "LocalDataDemoTests" */;
			buildPhases = (
				64B321E21BDDCBEC00DB95BA /* Sources */,
				64B321E31BDDCBEC00DB95BA /* Frameworks */,
				64B321E41BDDCBEC00DB95BA /* Resources */,
			);
			buildRules = (
			);
			dependencies = (
				64B321E81BDDCBEC00DB95BA /* PBXTargetDependency */,
			);
			name = LocalDataDemoTests;
			productName = LocalDataDemoTests;
			productReference = 64B321E61BDDCBEC00DB95BA /* LocalDataDemoTests.xctest */;
			productType = "com.apple.product-type.bundle.unit-test";
		};
		64B321F01BDDCBEC00DB95BA /* LocalDataDemoUITests */ = {
			isa = PBXNativeTarget;
			buildConfigurationList = 64B322001BDDCBEC00DB95BA /* Build configuration list for PBXNativeTarget "LocalDataDemoUITests" */;
			buildPhases = (
				64B321ED1BDDCBEC00DB95BA /* Sources */,
				64B321EE1BDDCBEC00DB95BA /* Frameworks */,
				64B321EF1BDDCBEC00DB95BA /* Resources */,
			);
			buildRules = (
			);
			dependencies = (
				64B321F31BDDCBEC00DB95BA /* PBXTargetDependency */,
			);
			name = LocalDataDemoUITests;
			productName = LocalDataDemoUITests;
			productReference = 64B321F11BDDCBEC00DB95BA /* LocalDataDemoUITests.xctest */;
			productType = "com.apple.product-type.bundle.ui-testing";
		};
/* End PBXNativeTarget section */

/* Begin PBXProject section */
		64B321C51BDDCBEC00DB95BA /* Project object */ = {
			isa = PBXProject;
			attributes = {
				LastUpgradeCheck = 0700;
				ORGANIZATIONNAME = shen;
				TargetAttributes = {
					64B321CC1BDDCBEC00DB95BA = {
						CreatedOnToolsVersion = 7.0.1;
					};
					64B321E51BDDCBEC00DB95BA = {
						CreatedOnToolsVersion = 7.0.1;
						TestTargetID = 64B321CC1BDDCBEC00DB95BA;
					};
					64B321F01BDDCBEC00DB95BA = {
						CreatedOnToolsVersion = 7.0.1;
						TestTargetID = 64B321CC1BDDCBEC00DB95BA;
					};
				};
			};
			buildConfigurationList = 64B321C81BDDCBEC00DB95BA /* Build configuration list for PBXProject "LocalDataDemo" */;
			compatibilityVersion = "Xcode 3.2";
			developmentRegion = English;
			hasScannedForEncodings = 0;
			knownRegions = (
				en,
				Base,
			);
			mainGroup = 64B321C41BDDCBEC00DB95BA;
			productRefGroup = 64B321CE1BDDCBEC00DB95BA /* Products */;
			projectDirPath = "";
			projectRoot = "";
			targets = (
				64B321CC1BDDCBEC00DB95BA /* LocalDataDemo */,
				64B321E51BDDCBEC00DB95BA /* LocalDataDemoTests */,
				64B321F01BDDCBEC00DB95BA /* LocalDataDemoUITests */,
			);
		};
/* End PBXProject section */

/* Begin PBXResourcesBuildPhase section */
		64B321CB1BDDCBEC00DB95BA /* Resources */ = {
			isa = PBXResourcesBuildPhase;
			buildActionMask = 2147483647;
			files = (
				64B321E01BDDCBEC00DB95BA /* LaunchScreen.storyboard in Resources */,
				64B321DD1BDDCBEC00DB95BA /* Assets.xcassets in Resources */,
				64B321DB1BDDCBEC00DB95BA /* Main.storyboard in Resources */,
			);
			runOnlyForDeploymentPostprocessing = 0;
		};
		64B321E41BDDCBEC00DB95BA /* Resources */ = {
			isa = PBXResourcesBuildPhase;
			buildActionMask = 2147483647;
			files = (
			);
			runOnlyForDeploymentPostprocessing = 0;
		};
		64B321EF1BDDCBEC00DB95BA /* Resources */ = {
			isa = PBXResourcesBuildPhase;
			buildActionMask = 2147483647;
			files = (
			);
			runOnlyForDeploymentPostprocessing = 0;
		};
/* End PBXResourcesBuildPhase section */

/* Begin PBXSourcesBuildPhase section */
		64B321C91BDDCBEC00DB95BA /* Sources */ = {
			isa = PBXSourcesBuildPhase;
			buildActionMask = 2147483647;
			files = (
				64B322181BDDCE0A00DB95BA /* NSObject+NotNull.m in Sources */,
				64B322151BDDCD9300DB95BA /* SCFileOper.m in Sources */,
				64B321D81BDDCBEC00DB95BA /* ViewController.m in Sources */,
				64B3221E1BDDD7D000DB95BA /* CHKeychain.m in Sources */,
				64B321D51BDDCBEC00DB95BA /* AppDelegate.m in Sources */,
				64B322061BDDCC1400DB95BA /* SCAppCache.m in Sources */,
				64B321D21BDDCBEC00DB95BA /* main.m in Sources */,
			);
			runOnlyForDeploymentPostprocessing = 0;
		};
		64B321E21BDDCBEC00DB95BA /* Sources */ = {
			isa = PBXSourcesBuildPhase;
			buildActionMask = 2147483647;
			files = (
				64B321EB1BDDCBEC00DB95BA /* LocalDataDemoTests.m in Sources */,
			);
			runOnlyForDeploymentPostprocessing = 0;
		};
		64B321ED1BDDCBEC00DB95BA /* Sources */ = {
			isa = PBXSourcesBuildPhase;
			buildActionMask = 2147483647;
			files = (
				64B321F61BDDCBEC00DB95BA /* LocalDataDemoUITests.m in Sources */,
			);
			runOnlyForDeploymentPostprocessing = 0;
		};
/* End PBXSourcesBuildPhase section */

/* Begin PBXTargetDependency section */
		64B321E81BDDCBEC00DB95BA /* PBXTargetDependency */ = {
			isa = PBXTargetDependency;
			target = 64B321CC1BDDCBEC00DB95BA /* LocalDataDemo */;
			targetProxy = 64B321E71BDDCBEC00DB95BA /* PBXContainerItemProxy */;
		};
		64B321F31BDDCBEC00DB95BA /* PBXTargetDependency */ = {
			isa = PBXTargetDependency;
			target = 64B321CC1BDDCBEC00DB95BA /* LocalDataDemo */;
			targetProxy = 64B321F21BDDCBEC00DB95BA /* PBXContainerItemProxy */;
		};
/* End PBXTargetDependency section */

/* Begin PBXVariantGroup section */
		64B321D91BDDCBEC00DB95BA /* Main.storyboard */ = {
			isa = PBXVariantGroup;
			children = (
				64B321DA1BDDCBEC00DB95BA /* Base */,
			);
			name = Main.storyboard;
			sourceTree = "<group>";
		};
		64B321DE1BDDCBEC00DB95BA /* LaunchScreen.storyboard */ = {
			isa = PBXVariantGroup;
			children = (
				64B321DF1BDDCBEC00DB95BA /* Base */,
			);
			name = LaunchScreen.storyboard;
			sourceTree = "<group>";
		};
/* End PBXVariantGroup section */

/* Begin XCBuildConfiguration section */
		64B321F81BDDCBEC00DB95BA /* Debug */ = {
			isa = XCBuildConfiguration;
			buildSettings = {
				ALWAYS_SEARCH_USER_PATHS = NO;
				CLANG_CXX_LANGUAGE_STANDARD = "gnu++0x";
				CLANG_CXX_LIBRARY = "libc++";
				CLANG_ENABLE_MODULES = YES;
				CLANG_ENABLE_OBJC_ARC = YES;
				CLANG_WARN_BOOL_CONVERSION = YES;
				CLANG_WARN_CONSTANT_CONVERSION = YES;
				CLANG_WARN_DIRECT_OBJC_ISA_USAGE = YES_ERROR;
				CLANG_WARN_EMPTY_BODY = YES;
				CLANG_WARN_ENUM_CONVERSION = YES;
				CLANG_WARN_INT_CONVERSION = YES;
				CLANG_WARN_OBJC_ROOT_CLASS = YES_ERROR;
				CLANG_WARN_UNREACHABLE_CODE = YES;
				CLANG_WARN__DUPLICATE_METHOD_MATCH = YES;
				"CODE_SIGN_IDENTITY[sdk=iphoneos*]" = "iPhone Developer";
				COPY_PHASE_STRIP = NO;
				DEBUG_INFORMATION_FORMAT = dwarf;
				ENABLE_STRICT_OBJC_MSGSEND = YES;
				ENABLE_TESTABILITY = YES;
				GCC_C_LANGUAGE_STANDARD = gnu99;
				GCC_DYNAMIC_NO_PIC = NO;
				GCC_NO_COMMON_BLOCKS = YES;
				GCC_OPTIMIZATION_LEVEL = 0;
				GCC_PREPROCESSOR_DEFINITIONS = (
					"DEBUG=1",
					"$(inherited)",
				);
				GCC_WARN_64_TO_32_BIT_CONVERSION = YES;
				GCC_WARN_ABOUT_RETURN_TYPE = YES_ERROR;
				GCC_WARN_UNDECLARED_SELECTOR = YES;
				GCC_WARN_UNINITIALIZED_AUTOS = YES_AGGRESSIVE;
				GCC_WARN_UNUSED_FUNCTION = YES;
				GCC_WARN_UNUSED_VARIABLE = YES;
				IPHONEOS_DEPLOYMENT_TARGET = 9.0;
				MTL_ENABLE_DEBUG_INFO = YES;
				ONLY_ACTIVE_ARCH = YES;
				SDKROOT = iphoneos;
				TARGETED_DEVICE_FAMILY = "1,2";
			};
			name = Debug;
		};
		64B321F91BDDCBEC00DB95BA /* Release */ = {
			isa = XCBuildConfiguration;
			buildSettings = {
				ALWAYS_SEARCH_USER_PATHS = NO;
				CLANG_CXX_LANGUAGE_STANDARD = "gnu++0x";
				CLANG_CXX_LIBRARY = "libc++";
				CLANG_ENABLE_MODULES = YES;
				CLANG_ENABLE_OBJC_ARC = YES;
				CLANG_WARN_BOOL_CONVERSION = YES;
				CLANG_WARN_CONSTANT_CONVERSION = YES;
				CLANG_WARN_DIRECT_OBJC_ISA_USAGE = YES_ERROR;
				CLANG_WARN_EMPTY_BODY = YES;
				CLANG_WARN_ENUM_CONVERSION = YES;
				CLANG_WARN_INT_CONVERSION = YES;
				CLANG_WARN_OBJC_ROOT_CLASS = YES_ERROR;
				CLANG_WARN_UNREACHABLE_CODE = YES;
				CLANG_WARN__DUPLICATE_METHOD_MATCH = YES;
				"CODE_SIGN_IDENTITY[sdk=iphoneos*]" = "iPhone Developer";
				COPY_PHASE_STRIP = NO;
				DEBUG_INFORMATION_FORMAT = "dwarf-with-dsym";
				ENABLE_NS_ASSERTIONS = NO;
				ENABLE_STRICT_OBJC_MSGSEND = YES;
				GCC_C_LANGUAGE_STANDARD = gnu99;
				GCC_NO_COMMON_BLOCKS = YES;
				GCC_WARN_64_TO_32_BIT_CONVERSION = YES;
				GCC_WARN_ABOUT_RETURN_TYPE = YES_ERROR;
				GCC_WARN_UNDECLARED_SELECTOR = YES;
				GCC_WARN_UNINITIALIZED_AUTOS = YES_AGGRESSIVE;
				GCC_WARN_UNUSED_FUNCTION = YES;
				GCC_WARN_UNUSED_VARIABLE = YES;
				IPHONEOS_DEPLOYMENT_TARGET = 9.0;
				MTL_ENABLE_DEBUG_INFO = NO;
				SDKROOT = iphoneos;
				TARGETED_DEVICE_FAMILY = "1,2";
				VALIDATE_PRODUCT = YES;
			};
			name = Release;
		};
		64B321FB1BDDCBEC00DB95BA /* Debug */ = {
			isa = XCBuildConfiguration;
			buildSettings = {
				ASSETCATALOG_COMPILER_APPICON_NAME = AppIcon;
				INFOPLIST_FILE = LocalDataDemo/Info.plist;
				LD_RUNPATH_SEARCH_PATHS = "$(inherited) @executable_path/Frameworks";
				PRODUCT_BUNDLE_IDENTIFIER = net.rayshen.LocalDataDemo;
				PRODUCT_NAME = "$(TARGET_NAME)";
			};
			name = Debug;
		};
		64B321FC1BDDCBEC00DB95BA /* Release */ = {
			isa = XCBuildConfiguration;
			buildSettings = {
				ASSETCATALOG_COMPILER_APPICON_NAME = AppIcon;
				INFOPLIST_FILE = LocalDataDemo/Info.plist;
				LD_RUNPATH_SEARCH_PATHS = "$(inherited) @executable_path/Frameworks";
				PRODUCT_BUNDLE_IDENTIFIER = net.rayshen.LocalDataDemo;
				PRODUCT_NAME = "$(TARGET_NAME)";
			};
			name = Release;
		};
		64B321FE1BDDCBEC00DB95BA /* Debug */ = {
			isa = XCBuildConfiguration;
			buildSettings = {
				BUNDLE_LOADER = "$(TEST_HOST)";
				INFOPLIST_FILE = LocalDataDemoTests/Info.plist;
				LD_RUNPATH_SEARCH_PATHS = "$(inherited) @executable_path/Frameworks @loader_path/Frameworks";
				PRODUCT_BUNDLE_IDENTIFIER = net.rayshen.LocalDataDemoTests;
				PRODUCT_NAME = "$(TARGET_NAME)";
				TEST_HOST = "$(BUILT_PRODUCTS_DIR)/LocalDataDemo.app/LocalDataDemo";
			};
			name = Debug;
		};
		64B321FF1BDDCBEC00DB95BA /* Release */ = {
			isa = XCBuildConfiguration;
			buildSettings = {
				BUNDLE_LOADER = "$(TEST_HOST)";
				INFOPLIST_FILE = LocalDataDemoTests/Info.plist;
				LD_RUNPATH_SEARCH_PATHS = "$(inherited) @executable_path/Frameworks @loader_path/Frameworks";
				PRODUCT_BUNDLE_IDENTIFIER = net.rayshen.LocalDataDemoTests;
				PRODUCT_NAME = "$(TARGET_NAME)";
				TEST_HOST = "$(BUILT_PRODUCTS_DIR)/LocalDataDemo.app/LocalDataDemo";
			};
			name = Release;
		};
		64B322011BDDCBEC00DB95BA /* Debug */ = {
			isa = XCBuildConfiguration;
			buildSettings = {
				INFOPLIST_FILE = LocalDataDemoUITests/Info.plist;
				LD_RUNPATH_SEARCH_PATHS = "$(inherited) @executable_path/Frameworks @loader_path/Frameworks";
				PRODUCT_BUNDLE_IDENTIFIER = net.rayshen.LocalDataDemoUITests;
				PRODUCT_NAME = "$(TARGET_NAME)";
				TEST_TARGET_NAME = LocalDataDemo;
				USES_XCTRUNNER = YES;
			};
			name = Debug;
		};
		64B322021BDDCBEC00DB95BA /* Release */ = {
			isa = XCBuildConfiguration;
			buildSettings = {
				INFOPLIST_FILE = LocalDataDemoUITests/Info.plist;
				LD_RUNPATH_SEARCH_PATHS = "$(inherited) @executable_path/Frameworks @loader_path/Frameworks";
				PRODUCT_BUNDLE_IDENTIFIER = net.rayshen.LocalDataDemoUITests;
				PRODUCT_NAME = "$(TARGET_NAME)";
				TEST_TARGET_NAME = LocalDataDemo;
				USES_XCTRUNNER = YES;
			};
			name = Release;
		};
/* End XCBuildConfiguration section */

/* Begin XCConfigurationList section */
		64B321C81BDDCBEC00DB95BA /* Build configuration list for PBXProject "LocalDataDemo" */ = {
			isa = XCConfigurationList;
			buildConfigurations = (
				64B321F81BDDCBEC00DB95BA /* Debug */,
				64B321F91BDDCBEC00DB95BA /* Release */,
			);
			defaultConfigurationIsVisible = 0;
			defaultConfigurationName = Release;
		};
		64B321FA1BDDCBEC00DB95BA /* Build configuration list for PBXNativeTarget "LocalDataDemo" */ = {
			isa = XCConfigurationList;
			buildConfigurations = (
				64B321FB1BDDCBEC00DB95BA /* Debug */,
				64B321FC1BDDCBEC00DB95BA /* Release */,
			);
			defaultConfigurationIsVisible = 0;
		};
		64B321FD1BDDCBEC00DB95BA /* Build configuration list for PBXNativeTarget "LocalDataDemoTests" */ = {
			isa = XCConfigurationList;
			buildConfigurations = (
				64B321FE1BDDCBEC00DB95BA /* Debug */,
				64B321FF1BDDCBEC00DB95BA /* Release */,
			);
			defaultConfigurationIsVisible = 0;
		};
		64B322001BDDCBEC00DB95BA /* Build configuration list for PBXNativeTarget "LocalDataDemoUITests" */ = {
			isa = XCConfigurationList;
			buildConfigurations = (
				64B322011BDDCBEC00DB95BA /* Debug */,
				64B322021BDDCBEC00DB95BA /* Release */,
			);
			defaultConfigurationIsVisible = 0;
		};
/* End XCConfigurationList section */
	};
	rootObject = 64B321C51BDDCBEC00DB95BA /* Project object */;
}
